
Microsoft Visual Studio Solution File, Format Version 12.00
# Visual Studio Version 17
VisualStudioVersion = 17.0.31903.59
MinimumVisualStudioVersion = 10.0.40219.1
Project("{2150E333-8FDC-42A3-9474-1A3956D46DE8}") = "src", "src", "{827E0CD3-B72D-47B6-A68D-7590B98EB39B}"
EndProject
Project("{2150E333-8FDC-42A3-9474-1A3956D46DE8}") = "TestContainer.Webhook", "TestContainer.Webhook", "{673C0DA7-4828-E126-44F5-8C688811B2D1}"
EndProject
Project("{FAE04EC0-301F-11D3-BF4B-00C04F79EFBC}") = "DKNet.Tests.WebsiteHook", "src\TestContainer.Webhook\DKNet.Tests.WebsiteHook.csproj", "{794C0AAD-B42D-4E5C-965F-14A75C2DD529}"
EndProject
Project("{2150E333-8FDC-42A3-9474-1A3956D46DE8}") = "TestContainer.Webhook.Tests", "TestContainer.Webhook.Tests", "{4D6EAD83-BCE1-9185-C7D1-7EE4E03AF247}"
EndProject
Project("{FAE04EC0-301F-11D3-BF4B-00C04F79EFBC}") = "DKNet.Tests.WebsiteHook.Tests", "src\TestContainer.Webhook.Tests\DKNet.Tests.WebsiteHook.Tests.csproj", "{7A0658E0-DE72-43CA-BC34-8A091623F4AF}"
EndProject
Global
	GlobalSection(SolutionConfigurationPlatforms) = preSolution
		Debug|Any CPU = Debug|Any CPU
		Debug|x64 = Debug|x64
		Debug|x86 = Debug|x86
		Release|Any CPU = Release|Any CPU
		Release|x64 = Release|x64
		Release|x86 = Release|x86
	EndGlobalSection
	GlobalSection(ProjectConfigurationPlatforms) = postSolution
		{794C0AAD-B42D-4E5C-965F-14A75C2DD529}.Debug|Any CPU.ActiveCfg = Debug|Any CPU
		{794C0AAD-B42D-4E5C-965F-14A75C2DD529}.Debug|Any CPU.Build.0 = Debug|Any CPU
		{794C0AAD-B42D-4E5C-965F-14A75C2DD529}.Debug|x64.ActiveCfg = Debug|Any CPU
		{794C0AAD-B42D-4E5C-965F-14A75C2DD529}.Debug|x64.Build.0 = Debug|Any CPU
		{794C0AAD-B42D-4E5C-965F-14A75C2DD529}.Debug|x86.ActiveCfg = Debug|Any CPU
		{794C0AAD-B42D-4E5C-965F-14A75C2DD529}.Debug|x86.Build.0 = Debug|Any CPU
		{794C0AAD-B42D-4E5C-965F-14A75C2DD529}.Release|Any CPU.ActiveCfg = Release|Any CPU
		{794C0AAD-B42D-4E5C-965F-14A75C2DD529}.Release|Any CPU.Build.0 = Release|Any CPU
		{794C0AAD-B42D-4E5C-965F-14A75C2DD529}.Release|x64.ActiveCfg = Release|Any CPU
		{794C0AAD-B42D-4E5C-965F-14A75C2DD529}.Release|x64.Build.0 = Release|Any CPU
		{794C0AAD-B42D-4E5C-965F-14A75C2DD529}.Release|x86.ActiveCfg = Release|Any CPU
		{794C0AAD-B42D-4E5C-965F-14A75C2DD529}.Release|x86.Build.0 = Release|Any CPU
		{7A0658E0-DE72-43CA-BC34-8A091623F4AF}.Debug|Any CPU.ActiveCfg = Debug|Any CPU
		{7A0658E0-DE72-43CA-BC34-8A091623F4AF}.Debug|Any CPU.Build.0 = Debug|Any CPU
		{7A0658E0-DE72-43CA-BC34-8A091623F4AF}.Debug|x64.ActiveCfg = Debug|Any CPU
		{7A0658E0-DE72-43CA-BC34-8A091623F4AF}.Debug|x64.Build.0 = Debug|Any CPU
		{7A0658E0-DE72-43CA-BC34-8A091623F4AF}.Debug|x86.ActiveCfg = Debug|Any CPU
		{7A0658E0-DE72-43CA-BC34-8A091623F4AF}.Debug|x86.Build.0 = Debug|Any CPU
		{7A0658E0-DE72-43CA-BC34-8A091623F4AF}.Release|Any CPU.ActiveCfg = Release|Any CPU
		{7A0658E0-DE72-43CA-BC34-8A091623F4AF}.Release|Any CPU.Build.0 = Release|Any CPU
		{7A0658E0-DE72-43CA-BC34-8A091623F4AF}.Release|x64.ActiveCfg = Release|Any CPU
		{7A0658E0-DE72-43CA-BC34-8A091623F4AF}.Release|x64.Build.0 = Release|Any CPU
		{7A0658E0-DE72-43CA-BC34-8A091623F4AF}.Release|x86.ActiveCfg = Release|Any CPU
		{7A0658E0-DE72-43CA-BC34-8A091623F4AF}.Release|x86.Build.0 = Release|Any CPU
	EndGlobalSection
	GlobalSection(SolutionProperties) = preSolution
		HideSolutionNode = FALSE
	EndGlobalSection
	GlobalSection(NestedProjects) = preSolution
		{673C0DA7-4828-E126-44F5-8C688811B2D1} = {827E0CD3-B72D-47B6-A68D-7590B98EB39B}
		{794C0AAD-B42D-4E5C-965F-14A75C2DD529} = {673C0DA7-4828-E126-44F5-8C688811B2D1}
		{4D6EAD83-BCE1-9185-C7D1-7EE4E03AF247} = {827E0CD3-B72D-47B6-A68D-7590B98EB39B}
		{7A0658E0-DE72-43CA-BC34-8A091623F4AF} = {4D6EAD83-BCE1-9185-C7D1-7EE4E03AF247}
	EndGlobalSection
EndGlobal
